
Microsoft Visual Studio Solution File, Format Version 12.00
# Visual Studio 15
VisualStudioVersion = 15.0.27428.2002
MinimumVisualStudioVersion = 10.0.40219.1
Project("{F184B08F-C81C-45F6-A57F-5ABD9991F28F}") = "tutorial1", "tutorial1\tutorial1.vbproj", "{8DC9C515-7EF6-4BBC-BA12-51ABE4EB9ECE}"
EndProject
Global
	GlobalSection(SolutionConfigurationPlatforms) = preSolution
		Debug|Any CPU = Debug|Any CPU
		Release|Any CPU = Release|Any CPU
	EndGlobalSection
	GlobalSection(ProjectConfigurationPlatforms) = postSolution
		{8DC9C515-7EF6-4BBC-BA12-51ABE4EB9ECE}.Debug|Any CPU.ActiveCfg = Debug|Any CPU
		{8DC9C515-7EF6-4BBC-BA12-51ABE4EB9ECE}.Debug|Any CPU.Build.0 = Debug|Any CPU
		{8DC9C515-7EF6-4BBC-BA12-51ABE4EB9ECE}.Release|Any CPU.ActiveCfg = Release|Any CPU
		{8DC9C515-7EF6-4BBC-BA12-51ABE4EB9ECE}.Release|Any CPU.Build.0 = Release|Any CPU
	EndGlobalSection
	GlobalSection(SolutionProperties) = preSolution
		HideSolutionNode = FALSE
	EndGlobalSection
	GlobalSection(ExtensibilityGlobals) = postSolution
		SolutionGuid = {AD20988E-7D17-4D90-BFC8-B2CAC59E1AAC}
	EndGlobalSection
EndGlobal
